
Microsoft Visual Studio Solution File, Format Version 12.00
# Visual Studio Version 17
VisualStudioVersion = 17.0.32002.185
MinimumVisualStudioVersion = 10.0.40219.1
Project("{FAE04EC0-301F-11D3-BF4B-00C04F79EFBC}") = "HomeWork23", "StringToDouble\HomeWork23.csproj", "{9FAC8B82-20CB-4F4A-ACFF-5D61CBA8217A}"
EndProject
Global
	GlobalSection(SolutionConfigurationPlatforms) = preSolution
		Debug|Any CPU = Debug|Any CPU
		Release|Any CPU = Release|Any CPU
	EndGlobalSection
	GlobalSection(ProjectConfigurationPlatforms) = postSolution
		{9FAC8B82-20CB-4F4A-ACFF-5D61CBA8217A}.Debug|Any CPU.ActiveCfg = Debug|Any CPU
		{9FAC8B82-20CB-4F4A-ACFF-5D61CBA8217A}.Debug|Any CPU.Build.0 = Debug|Any CPU
		{9FAC8B82-20CB-4F4A-ACFF-5D61CBA8217A}.Release|Any CPU.ActiveCfg = Release|Any CPU
		{9FAC8B82-20CB-4F4A-ACFF-5D61CBA8217A}.Release|Any CPU.Build.0 = Release|Any CPU
	EndGlobalSection
	GlobalSection(SolutionProperties) = preSolution
		HideSolutionNode = FALSE
	EndGlobalSection
	GlobalSection(ExtensibilityGlobals) = postSolution
		SolutionGuid = {FB5E28CA-B44E-4C0D-924D-3D37C6D1D877}
	EndGlobalSection
EndGlobal
